// !$*UTF8*$!
{
	archiveVersion = 1;
	classes = {
	};
	objectVersion = 50;
	objects = {

/* Begin PBXBuildFile section */
		FA61017C260BAC720009D6AF /* AppDelegate.swift in Sources */ = {isa = PBXBuildFile; fileRef = FA61017B260BAC720009D6AF /* AppDelegate.swift */; };
		FA61017E260BAC720009D6AF /* SceneDelegate.swift in Sources */ = {isa = PBXBuildFile; fileRef = FA61017D260BAC720009D6AF /* SceneDelegate.swift */; };
		FA610180260BAC720009D6AF /* ViewController.swift in Sources */ = {isa = PBXBuildFile; fileRef = FA61017F260BAC720009D6AF /* ViewController.swift */; };
		FA610183260BAC720009D6AF /* Main.storyboard in Resources */ = {isa = PBXBuildFile; fileRef = FA610181260BAC720009D6AF /* Main.storyboard */; };
		FA610186260BAC720009D6AF /* ToDoList_CoreData.xcdatamodeld in Sources */ = {isa = PBXBuildFile; fileRef = FA610184260BAC720009D6AF /* ToDoList_CoreData.xcdatamodeld */; };
		FA610188260BAC740009D6AF /* Assets.xcassets in Resources */ = {isa = PBXBuildFile; fileRef = FA610187260BAC740009D6AF /* Assets.xcassets */; };
		FA61018B260BAC740009D6AF /* LaunchScreen.storyboard in Resources */ = {isa = PBXBuildFile; fileRef = FA610189260BAC740009D6AF /* LaunchScreen.storyboard */; };
		FA61019B260BAD500009D6AF /* ToDoListItem+CoreDataClass.swift in Sources */ = {isa = PBXBuildFile; fileRef = FA610199260BAD500009D6AF /* ToDoListItem+CoreDataClass.swift */; };
		FA61019C260BAD500009D6AF /* ToDoListItem+CoreDataProperties.swift in Sources */ = {isa = PBXBuildFile; fileRef = FA61019A260BAD500009D6AF /* ToDoListItem+CoreDataProperties.swift */; };
/* End PBXBuildFile section */

/* Begin PBXFileReference section */
		FA610178260BAC720009D6AF /* ToDoList_CoreData.app */ = {isa = PBXFileReference; explicitFileType = wrapper.application; includeInIndex = 0; path = ToDoList_CoreData.app; sourceTree = BUILT_PRODUCTS_DIR; };
		FA61017B260BAC720009D6AF /* AppDelegate.swift */ = {isa = PBXFileReference; lastKnownFileType = sourcecode.swift; path = AppDelegate.swift; sourceTree = "<group>"; };
		FA61017D260BAC720009D6AF /* SceneDelegate.swift */ = {isa = PBXFileReference; lastKnownFileType = sourcecode.swift; path = SceneDelegate.swift; sourceTree = "<group>"; };
		FA61017F260BAC720009D6AF /* ViewController.swift */ = {isa = PBXFileReference; lastKnownFileType = sourcecode.swift; path = ViewController.swift; sourceTree = "<group>"; };
		FA610182260BAC720009D6AF /* Base */ = {isa = PBXFileReference; lastKnownFileType = file.storyboard; name = Base; path = Base.lproj/Main.storyboard; sourceTree = "<group>"; };
		FA610185260BAC720009D6AF /* ToDoList_CoreData.xcdatamodel */ = {isa = PBXFileReference; lastKnownFileType = wrapper.xcdatamodel; path = ToDoList_CoreData.xcdatamodel; sourceTree = "<group>"; };
		FA610187260BAC740009D6AF /* Assets.xcassets */ = {isa = PBXFileReference; lastKnownFileType = folder.assetcatalog; path = Assets.xcassets; sourceTree = "<group>"; };
		FA61018A260BAC740009D6AF /* Base */ = {isa = PBXFileReference; lastKnownFileType = file.storyboard; name = Base; path = Base.lproj/LaunchScreen.storyboard; sourceTree = "<group>"; };
		FA61018C260BAC740009D6AF /* Info.plist */ = {isa = PBXFileReference; lastKnownFileType = text.plist.xml; path = Info.plist; sourceTree = "<group>"; };
		FA610199260BAD500009D6AF /* ToDoListItem+CoreDataClass.swift */ = {isa = PBXFileReference; lastKnownFileType = sourcecode.swift; path = "ToDoListItem+CoreDataClass.swift"; sourceTree = "<group>"; };
		FA61019A260BAD500009D6AF /* ToDoListItem+CoreDataProperties.swift */ = {isa = PBXFileReference; lastKnownFileType = sourcecode.swift; path = "ToDoListItem+CoreDataProperties.swift"; sourceTree = "<group>"; };
/* End PBXFileReference section */

/* Begin PBXFrameworksBuildPhase section */
		FA610175260BAC720009D6AF /* Frameworks */ = {
			isa = PBXFrameworksBuildPhase;
			buildActionMask = 2147483647;
			files = (
			);
			runOnlyForDeploymentPostprocessing = 0;
		};
/* End PBXFrameworksBuildPhase section */

/* Begin PBXGroup section */
		FA61016F260BAC720009D6AF = {
			isa = PBXGroup;
			children = (
				FA61017A260BAC720009D6AF /* ToDoList_CoreData */,
				FA610179260BAC720009D6AF /* Products */,
			);
			sourceTree = "<group>";
		};
		FA610179260BAC720009D6AF /* Products */ = {
			isa = PBXGroup;
			children = (
				FA610178260BAC720009D6AF /* ToDoList_CoreData.app */,
			);
			name = Products;
			sourceTree = "<group>";
		};
		FA61017A260BAC720009D6AF /* ToDoList_CoreData */ = {
			isa = PBXGroup;
			children = (
				FA61019E260BAD6D0009D6AF /* CoreDataItems */,
				FA610196260BACBD0009D6AF /* Controller */,
				FA610194260BACB10009D6AF /* View */,
				FA610193260BAC9C0009D6AF /* Supporting Files */,
			);
			path = ToDoList_CoreData;
			sourceTree = "<group>";
		};
		FA610193260BAC9C0009D6AF /* Supporting Files */ = {
			isa = PBXGroup;
			children = (
				FA61017D260BAC720009D6AF /* SceneDelegate.swift */,
				FA61017B260BAC720009D6AF /* AppDelegate.swift */,
				FA610187260BAC740009D6AF /* Assets.xcassets */,
				FA61018C260BAC740009D6AF /* Info.plist */,
				FA610184260BAC720009D6AF /* ToDoList_CoreData.xcdatamodeld */,
			);
			path = "Supporting Files";
			sourceTree = "<group>";
		};
		FA610194260BACB10009D6AF /* View */ = {
			isa = PBXGroup;
			children = (
				FA610181260BAC720009D6AF /* Main.storyboard */,
				FA610189260BAC740009D6AF /* LaunchScreen.storyboard */,
			);
			path = View;
			sourceTree = "<group>";
		};
		FA610196260BACBD0009D6AF /* Controller */ = {
			isa = PBXGroup;
			children = (
				FA61017F260BAC720009D6AF /* ViewController.swift */,
			);
			path = Controller;
			sourceTree = "<group>";
		};
		FA61019E260BAD6D0009D6AF /* CoreDataItems */ = {
			isa = PBXGroup;
			children = (
				FA610199260BAD500009D6AF /* ToDoListItem+CoreDataClass.swift */,
				FA61019A260BAD500009D6AF /* ToDoListItem+CoreDataProperties.swift */,
			);
			path = CoreDataItems;
			sourceTree = "<group>";
		};
/* End PBXGroup section */

/* Begin PBXNativeTarget section */
		FA610177260BAC720009D6AF /* ToDoList_CoreData */ = {
			isa = PBXNativeTarget;
			buildConfigurationList = FA61018F260BAC740009D6AF /* Build configuration list for PBXNativeTarget "ToDoList_CoreData" */;
			buildPhases = (
				FA610174260BAC720009D6AF /* Sources */,
				FA610175260BAC720009D6AF /* Frameworks */,
				FA610176260BAC720009D6AF /* Resources */,
			);
			buildRules = (
			);
			dependencies = (
			);
			name = ToDoList_CoreData;
			productName = ToDoList_CoreData;
			productReference = FA610178260BAC720009D6AF /* ToDoList_CoreData.app */;
			productType = "com.apple.product-type.application";
		};
/* End PBXNativeTarget section */

/* Begin PBXProject section */
		FA610170260BAC720009D6AF /* Project object */ = {
			isa = PBXProject;
			attributes = {
				LastSwiftUpdateCheck = 1230;
				LastUpgradeCheck = 1230;
				TargetAttributes = {
					FA610177260BAC720009D6AF = {
						CreatedOnToolsVersion = 12.3;
					};
				};
			};
			buildConfigurationList = FA610173260BAC720009D6AF /* Build configuration list for PBXProject "ToDoList_CoreData" */;
			compatibilityVersion = "Xcode 9.3";
			developmentRegion = en;
			hasScannedForEncodings = 0;
			knownRegions = (
				en,
				Base,
			);
			mainGroup = FA61016F260BAC720009D6AF;
			productRefGroup = FA610179260BAC720009D6AF /* Products */;
			projectDirPath = "";
			projectRoot = "";
			targets = (
				FA610177260BAC720009D6AF /* ToDoList_CoreData */,
			);
		};
/* End PBXProject section */

/* Begin PBXResourcesBuildPhase section */
		FA610176260BAC720009D6AF /* Resources */ = {
			isa = PBXResourcesBuildPhase;
			buildActionMask = 2147483647;
			files = (
				FA61018B260BAC740009D6AF /* LaunchScreen.storyboard in Resources */,
				FA610188260BAC740009D6AF /* Assets.xcassets in Resources */,
				FA610183260BAC720009D6AF /* Main.storyboard in Resources */,
			);
			runOnlyForDeploymentPostprocessing = 0;
		};
/* End PBXResourcesBuildPhase section */

/* Begin PBXSourcesBuildPhase section */
		FA610174260BAC720009D6AF /* Sources */ = {
			isa = PBXSourcesBuildPhase;
			buildActionMask = 2147483647;
			files = (
				FA610180260BAC720009D6AF /* ViewController.swift in Sources */,
				FA61017C260BAC720009D6AF /* AppDelegate.swift in Sources */,
				FA610186260BAC720009D6AF /* ToDoList_CoreData.xcdatamodeld in Sources */,
				FA61019B260BAD500009D6AF /* ToDoListItem+CoreDataClass.swift in Sources */,
				FA61019C260BAD500009D6AF /* ToDoListItem+CoreDataProperties.swift in Sources */,
				FA61017E260BAC720009D6AF /* SceneDelegate.swift in Sources */,
			);
			runOnlyForDeploymentPostprocessing = 0;
		};
/* End PBXSourcesBuildPhase section */

/* Begin PBXVariantGroup section */
		FA610181260BAC720009D6AF /* Main.storyboard */ = {
			isa = PBXVariantGroup;
			children = (
				FA610182260BAC720009D6AF /* Base */,
			);
			name = Main.storyboard;
			sourceTree = "<group>";
		};
		FA610189260BAC740009D6AF /* LaunchScreen.storyboard */ = {
			isa = PBXVariantGroup;
			children = (
				FA61018A260BAC740009D6AF /* Base */,
			);
			name = LaunchScreen.storyboard;
			sourceTree = "<group>";
		};
/* End PBXVariantGroup section */

/* Begin XCBuildConfiguration section */
		FA61018D260BAC740009D6AF /* Debug */ = {
			isa = XCBuildConfiguration;
			buildSettings = {
				ALWAYS_SEARCH_USER_PATHS = NO;
				CLANG_ANALYZER_NONNULL = YES;
				CLANG_ANALYZER_NUMBER_OBJECT_CONVERSION = YES_AGGRESSIVE;
				CLANG_CXX_LANGUAGE_STANDARD = "gnu++14";
				CLANG_CXX_LIBRARY = "libc++";
				CLANG_ENABLE_MODULES = YES;
				CLANG_ENABLE_OBJC_ARC = YES;
				CLANG_ENABLE_OBJC_WEAK = YES;
				CLANG_WARN_BLOCK_CAPTURE_AUTORELEASING = YES;
				CLANG_WARN_BOOL_CONVERSION = YES;
				CLANG_WARN_COMMA = YES;
				CLANG_WARN_CONSTANT_CONVERSION = YES;
				CLANG_WARN_DEPRECATED_OBJC_IMPLEMENTATIONS = YES;
				CLANG_WARN_DIRECT_OBJC_ISA_USAGE = YES_ERROR;
				CLANG_WARN_DOCUMENTATION_COMMENTS = YES;
				CLANG_WARN_EMPTY_BODY = YES;
				CLANG_WARN_ENUM_CONVERSION = YES;
				CLANG_WARN_INFINITE_RECURSION = YES;
				CLANG_WARN_INT_CONVERSION = YES;
				CLANG_WARN_NON_LITERAL_NULL_CONVERSION = YES;
				CLANG_WARN_OBJC_IMPLICIT_RETAIN_SELF = YES;
				CLANG_WARN_OBJC_LITERAL_CONVERSION = YES;
				CLANG_WARN_OBJC_ROOT_CLASS = YES_ERROR;
				CLANG_WARN_QUOTED_INCLUDE_IN_FRAMEWORK_HEADER = YES;
				CLANG_WARN_RANGE_LOOP_ANALYSIS = YES;
				CLANG_WARN_STRICT_PROTOTYPES = YES;
				CLANG_WARN_SUSPICIOUS_MOVE = YES;
				CLANG_WARN_UNGUARDED_AVAILABILITY = YES_AGGRESSIVE;
				CLANG_WARN_UNREACHABLE_CODE = YES;
				CLANG_WARN__DUPLICATE_METHOD_MATCH = YES;
				COPY_PHASE_STRIP = NO;
				DEBUG_INFORMATION_FORMAT = dwarf;
				ENABLE_STRICT_OBJC_MSGSEND = YES;
				ENABLE_TESTABILITY = YES;
				GCC_C_LANGUAGE_STANDARD = gnu11;
				GCC_DYNAMIC_NO_PIC = NO;
				GCC_NO_COMMON_BLOCKS = YES;
				GCC_OPTIMIZATION_LEVEL = 0;
				GCC_PREPROCESSOR_DEFINITIONS = (
					"DEBUG=1",
					"$(inherited)",
				);
				GCC_WARN_64_TO_32_BIT_CONVERSION = YES;
				GCC_WARN_ABOUT_RETURN_TYPE = YES_ERROR;
				GCC_WARN_UNDECLARED_SELECTOR = YES;
				GCC_WARN_UNINITIALIZED_AUTOS = YES_AGGRESSIVE;
				GCC_WARN_UNUSED_FUNCTION = YES;
				GCC_WARN_UNUSED_VARIABLE = YES;
				IPHONEOS_DEPLOYMENT_TARGET = 14.3;
				MTL_ENABLE_DEBUG_INFO = INCLUDE_SOURCE;
				MTL_FAST_MATH = YES;
				ONLY_ACTIVE_ARCH = YES;
				SDKROOT = iphoneos;
				SWIFT_ACTIVE_COMPILATION_CONDITIONS = DEBUG;
				SWIFT_OPTIMIZATION_LEVEL = "-Onone";
			};
			name = Debug;
		};
		FA61018E260BAC740009D6AF /* Release */ = {
			isa = XCBuildConfiguration;
			buildSettings = {
				ALWAYS_SEARCH_USER_PATHS = NO;
				CLANG_ANALYZER_NONNULL = YES;
				CLANG_ANALYZER_NUMBER_OBJECT_CONVERSION = YES_AGGRESSIVE;
				CLANG_CXX_LANGUAGE_STANDARD = "gnu++14";
				CLANG_CXX_LIBRARY = "libc++";
				CLANG_ENABLE_MODULES = YES;
				CLANG_ENABLE_OBJC_ARC = YES;
				CLANG_ENABLE_OBJC_WEAK = YES;
				CLANG_WARN_BLOCK_CAPTURE_AUTORELEASING = YES;
				CLANG_WARN_BOOL_CONVERSION = YES;
				CLANG_WARN_COMMA = YES;
				CLANG_WARN_CONSTANT_CONVERSION = YES;
				CLANG_WARN_DEPRECATED_OBJC_IMPLEMENTATIONS = YES;
				CLANG_WARN_DIRECT_OBJC_ISA_USAGE = YES_ERROR;
				CLANG_WARN_DOCUMENTATION_COMMENTS = YES;
				CLANG_WARN_EMPTY_BODY = YES;
				CLANG_WARN_ENUM_CONVERSION = YES;
				CLANG_WARN_INFINITE_RECURSION = YES;
				CLANG_WARN_INT_CONVERSION = YES;
				CLANG_WARN_NON_LITERAL_NULL_CONVERSION = YES;
				CLANG_WARN_OBJC_IMPLICIT_RETAIN_SELF = YES;
				CLANG_WARN_OBJC_LITERAL_CONVERSION = YES;
				CLANG_WARN_OBJC_ROOT_CLASS = YES_ERROR;
				CLANG_WARN_QUOTED_INCLUDE_IN_FRAMEWORK_HEADER = YES;
				CLANG_WARN_RANGE_LOOP_ANALYSIS = YES;
				CLANG_WARN_STRICT_PROTOTYPES = YES;
				CLANG_WARN_SUSPICIOUS_MOVE = YES;
				CLANG_WARN_UNGUARDED_AVAILABILITY = YES_AGGRESSIVE;
				CLANG_WARN_UNREACHABLE_CODE = YES;
				CLANG_WARN__DUPLICATE_METHOD_MATCH = YES;
				COPY_PHASE_STRIP = NO;
				DEBUG_INFORMATION_FORMAT = "dwarf-with-dsym";
				ENABLE_NS_ASSERTIONS = NO;
				ENABLE_STRICT_OBJC_MSGSEND = YES;
				GCC_C_LANGUAGE_STANDARD = gnu11;
				GCC_NO_COMMON_BLOCKS = YES;
				GCC_WARN_64_TO_32_BIT_CONVERSION = YES;
				GCC_WARN_ABOUT_RETURN_TYPE = YES_ERROR;
				GCC_WARN_UNDECLARED_SELECTOR = YES;
				GCC_WARN_UNINITIALIZED_AUTOS = YES_AGGRESSIVE;
				GCC_WARN_UNUSED_FUNCTION = YES;
				GCC_WARN_UNUSED_VARIABLE = YES;
				IPHONEOS_DEPLOYMENT_TARGET = 14.3;
				MTL_ENABLE_DEBUG_INFO = NO;
				MTL_FAST_MATH = YES;
				SDKROOT = iphoneos;
				SWIFT_COMPILATION_MODE = wholemodule;
				SWIFT_OPTIMIZATION_LEVEL = "-O";
				VALIDATE_PRODUCT = YES;
			};
			name = Release;
		};
		FA610190260BAC740009D6AF /* Debug */ = {
			isa = XCBuildConfiguration;
			buildSettings = {
				ASSETCATALOG_COMPILER_APPICON_NAME = AppIcon;
				ASSETCATALOG_COMPILER_GLOBAL_ACCENT_COLOR_NAME = AccentColor;
				CODE_SIGN_STYLE = Automatic;
				DEVELOPMENT_TEAM = KHK3PT3MZR;
				INFOPLIST_FILE = "ToDoList_CoreData/Supporting Files/Info.plist";
				LD_RUNPATH_SEARCH_PATHS = (
					"$(inherited)",
					"@executable_path/Frameworks",
				);
				PRODUCT_BUNDLE_IDENTIFIER = "Nikolai.Borisov.ToDoList-CoreData";
				PRODUCT_NAME = "$(TARGET_NAME)";
				SWIFT_VERSION = 5.0;
				TARGETED_DEVICE_FAMILY = "1,2";
			};
			name = Debug;
		};
		FA610191260BAC740009D6AF /* Release */ = {
			isa = XCBuildConfiguration;
			buildSettings = {
				ASSETCATALOG_COMPILER_APPICON_NAME = AppIcon;
				ASSETCATALOG_COMPILER_GLOBAL_ACCENT_COLOR_NAME = AccentColor;
				CODE_SIGN_STYLE = Automatic;
				DEVELOPMENT_TEAM = KHK3PT3MZR;
				INFOPLIST_FILE = "ToDoList_CoreData/Supporting Files/Info.plist";
				LD_RUNPATH_SEARCH_PATHS = (
					"$(inherited)",
					"@executable_path/Frameworks",
				);
				PRODUCT_BUNDLE_IDENTIFIER = "Nikolai.Borisov.ToDoList-CoreData";
				PRODUCT_NAME = "$(TARGET_NAME)";
				SWIFT_VERSION = 5.0;
				TARGETED_DEVICE_FAMILY = "1,2";
			};
			name = Release;
		};
/* End XCBuildConfiguration section */

/* Begin XCConfigurationList section */
		FA610173260BAC720009D6AF /* Build configuration list for PBXProject "ToDoList_CoreData" */ = {
			isa = XCConfigurationList;
			buildConfigurations = (
				FA61018D260BAC740009D6AF /* Debug */,
				FA61018E260BAC740009D6AF /* Release */,
			);
			defaultConfigurationIsVisible = 0;
			defaultConfigurationName = Release;
		};
		FA61018F260BAC740009D6AF /* Build configuration list for PBXNativeTarget "ToDoList_CoreData" */ = {
			isa = XCConfigurationList;
			buildConfigurations = (
				FA610190260BAC740009D6AF /* Debug */,
				FA610191260BAC740009D6AF /* Release */,
			);
			defaultConfigurationIsVisible = 0;
			defaultConfigurationName = Release;
		};
/* End XCConfigurationList section */

/* Begin XCVersionGroup section */
		FA610184260BAC720009D6AF /* ToDoList_CoreData.xcdatamodeld */ = {
			isa = XCVersionGroup;
			children = (
				FA610185260BAC720009D6AF /* ToDoList_CoreData.xcdatamodel */,
			);
			currentVersion = FA610185260BAC720009D6AF /* ToDoList_CoreData.xcdatamodel */;
			path = ToDoList_CoreData.xcdatamodeld;
			sourceTree = "<group>";
			versionGroupType = wrapper.xcdatamodel;
		};
/* End XCVersionGroup section */
	};
	rootObject = FA610170260BAC720009D6AF /* Project object */;
}
